
Microsoft Visual Studio Solution File, Format Version 12.00
# Visual Studio 2013
VisualStudioVersion = 12.0.31101.0
MinimumVisualStudioVersion = 10.0.40219.1
Project("{FAE04EC0-301F-11D3-BF4B-00C04F79EFBC}") = "ClassLibrary1", "ClassLibrary1\ClassLibrary1.csproj", "{F8AE6E1C-F660-4EDF-BC5D-3FD630ACEAFE}"
EndProject
Project("{FAE04EC0-301F-11D3-BF4B-00C04F79EFBC}") = "TestProgram", "TestProgram\TestProgram.csproj", "{6C794A03-03A6-4AAA-B403-C09B03F99CE8}"
EndProject
Project("{FAE04EC0-301F-11D3-BF4B-00C04F79EFBC}") = "ClassLibrary2", "ClassLibrary2\ClassLibrary2.csproj", "{2E340195-612B-497E-9FA6-1CBC4E536CE6}"
EndProject
Global
	GlobalSection(SolutionConfigurationPlatforms) = preSolution
		Debug|Any CPU = Debug|Any CPU
		Release|Any CPU = Release|Any CPU
	EndGlobalSection
	GlobalSection(ProjectConfigurationPlatforms) = postSolution
		{F8AE6E1C-F660-4EDF-BC5D-3FD630ACEAFE}.Debug|Any CPU.ActiveCfg = Debug|Any CPU
		{F8AE6E1C-F660-4EDF-BC5D-3FD630ACEAFE}.Debug|Any CPU.Build.0 = Debug|Any CPU
		{F8AE6E1C-F660-4EDF-BC5D-3FD630ACEAFE}.Release|Any CPU.ActiveCfg = Release|Any CPU
		{F8AE6E1C-F660-4EDF-BC5D-3FD630ACEAFE}.Release|Any CPU.Build.0 = Release|Any CPU
		{6C794A03-03A6-4AAA-B403-C09B03F99CE8}.Debug|Any CPU.ActiveCfg = Debug|Any CPU
		{6C794A03-03A6-4AAA-B403-C09B03F99CE8}.Debug|Any CPU.Build.0 = Debug|Any CPU
		{6C794A03-03A6-4AAA-B403-C09B03F99CE8}.Release|Any CPU.ActiveCfg = Release|Any CPU
		{6C794A03-03A6-4AAA-B403-C09B03F99CE8}.Release|Any CPU.Build.0 = Release|Any CPU
		{2E340195-612B-497E-9FA6-1CBC4E536CE6}.Debug|Any CPU.ActiveCfg = Debug|Any CPU
		{2E340195-612B-497E-9FA6-1CBC4E536CE6}.Debug|Any CPU.Build.0 = Debug|Any CPU
		{2E340195-612B-497E-9FA6-1CBC4E536CE6}.Release|Any CPU.ActiveCfg = Release|Any CPU
		{2E340195-612B-497E-9FA6-1CBC4E536CE6}.Release|Any CPU.Build.0 = Release|Any CPU
	EndGlobalSection
	GlobalSection(SolutionProperties) = preSolution
		HideSolutionNode = FALSE
	EndGlobalSection
EndGlobal
