
Microsoft Visual Studio Solution File, Format Version 12.00
# Visual Studio 2013
VisualStudioVersion = 12.0.31101.0
MinimumVisualStudioVersion = 10.0.40219.1
Project("{FAE04EC0-301F-11D3-BF4B-00C04F79EFBC}") = "Problem 1. Sum of 3 Numbers", "Problem 1. Sum of 3 Numbers\Problem 1. Sum of 3 Numbers.csproj", "{CF9187D8-DC19-4A40-B6D3-07A318FDA192}"
EndProject
Project("{FAE04EC0-301F-11D3-BF4B-00C04F79EFBC}") = "Problem 2. Print Company Information", "Problem 2. Print Company Information\Problem 2. Print Company Information.csproj", "{A2F56B69-896B-42F6-8A6B-2F1E2D716618}"
EndProject
Project("{FAE04EC0-301F-11D3-BF4B-00C04F79EFBC}") = "Problem 3. Circle Perimeter and Area", "Problem 3. Circle Perimeter and Area\Problem 3. Circle Perimeter and Area.csproj", "{C31CD6C2-9D42-4B3A-9340-F9B596FF618B}"
EndProject
Project("{FAE04EC0-301F-11D3-BF4B-00C04F79EFBC}") = "Problem 4. Number Comparer", "Problem 4. Number Comparer\Problem 4. Number Comparer.csproj", "{CE354A3A-663E-4EF6-A68E-D6370A4B5CBD}"
EndProject
Project("{FAE04EC0-301F-11D3-BF4B-00C04F79EFBC}") = "Problem 5. Formatting Numbers", "Problem 5. Formatting Numbers\Problem 5. Formatting Numbers.csproj", "{89E5BB4A-606E-4074-8295-62BACD6DB40C}"
EndProject
Project("{FAE04EC0-301F-11D3-BF4B-00C04F79EFBC}") = "Problem 6. Quadratic Equation", "Problem 6. Quadratic Equation\Problem 6. Quadratic Equation.csproj", "{6280F5EB-4B23-4988-B7B1-9F07DA817117}"
EndProject
Project("{FAE04EC0-301F-11D3-BF4B-00C04F79EFBC}") = "Problem 7. Sum of 5 Numbers", "Problem 7. Sum of 5 Numbers\Problem 7. Sum of 5 Numbers.csproj", "{42095139-870D-4EC9-B546-1900C0F38265}"
EndProject
Project("{FAE04EC0-301F-11D3-BF4B-00C04F79EFBC}") = "Problem 8. Numbers from 1 to n", "Problem 8. Numbers from 1 to n\Problem 8. Numbers from 1 to n.csproj", "{2AB960AB-8E8E-41E9-9329-4F97E5DB1C4F}"
EndProject
Project("{FAE04EC0-301F-11D3-BF4B-00C04F79EFBC}") = "Problem 9. Sum of n Numbers", "Problem 9. Sum of n Numbers\Problem 9. Sum of n Numbers.csproj", "{CCC2BFC9-77B1-4415-AE85-293D30F882E8}"
EndProject
Project("{FAE04EC0-301F-11D3-BF4B-00C04F79EFBC}") = "Problem 10. Fibonacci Numbers", "Problem 10. Fibonacci Numbers\Problem 10. Fibonacci Numbers.csproj", "{54AC9875-F671-48B8-AF89-7CCE27D5231B}"
EndProject
Project("{FAE04EC0-301F-11D3-BF4B-00C04F79EFBC}") = "Problem 11.(starred)", "Problem 11.(starred)\Problem 11.(starred).csproj", "{1FA93D2C-B312-42A4-A63A-BB980624BC2A}"
EndProject
Global
	GlobalSection(SolutionConfigurationPlatforms) = preSolution
		Debug|Any CPU = Debug|Any CPU
		Release|Any CPU = Release|Any CPU
	EndGlobalSection
	GlobalSection(ProjectConfigurationPlatforms) = postSolution
		{CF9187D8-DC19-4A40-B6D3-07A318FDA192}.Debug|Any CPU.ActiveCfg = Debug|Any CPU
		{CF9187D8-DC19-4A40-B6D3-07A318FDA192}.Debug|Any CPU.Build.0 = Debug|Any CPU
		{CF9187D8-DC19-4A40-B6D3-07A318FDA192}.Release|Any CPU.ActiveCfg = Release|Any CPU
		{CF9187D8-DC19-4A40-B6D3-07A318FDA192}.Release|Any CPU.Build.0 = Release|Any CPU
		{A2F56B69-896B-42F6-8A6B-2F1E2D716618}.Debug|Any CPU.ActiveCfg = Debug|Any CPU
		{A2F56B69-896B-42F6-8A6B-2F1E2D716618}.Debug|Any CPU.Build.0 = Debug|Any CPU
		{A2F56B69-896B-42F6-8A6B-2F1E2D716618}.Release|Any CPU.ActiveCfg = Release|Any CPU
		{A2F56B69-896B-42F6-8A6B-2F1E2D716618}.Release|Any CPU.Build.0 = Release|Any CPU
		{C31CD6C2-9D42-4B3A-9340-F9B596FF618B}.Debug|Any CPU.ActiveCfg = Debug|Any CPU
		{C31CD6C2-9D42-4B3A-9340-F9B596FF618B}.Debug|Any CPU.Build.0 = Debug|Any CPU
		{C31CD6C2-9D42-4B3A-9340-F9B596FF618B}.Release|Any CPU.ActiveCfg = Release|Any CPU
		{C31CD6C2-9D42-4B3A-9340-F9B596FF618B}.Release|Any CPU.Build.0 = Release|Any CPU
		{CE354A3A-663E-4EF6-A68E-D6370A4B5CBD}.Debug|Any CPU.ActiveCfg = Debug|Any CPU
		{CE354A3A-663E-4EF6-A68E-D6370A4B5CBD}.Debug|Any CPU.Build.0 = Debug|Any CPU
		{CE354A3A-663E-4EF6-A68E-D6370A4B5CBD}.Release|Any CPU.ActiveCfg = Release|Any CPU
		{CE354A3A-663E-4EF6-A68E-D6370A4B5CBD}.Release|Any CPU.Build.0 = Release|Any CPU
		{89E5BB4A-606E-4074-8295-62BACD6DB40C}.Debug|Any CPU.ActiveCfg = Debug|Any CPU
		{89E5BB4A-606E-4074-8295-62BACD6DB40C}.Debug|Any CPU.Build.0 = Debug|Any CPU
		{89E5BB4A-606E-4074-8295-62BACD6DB40C}.Release|Any CPU.ActiveCfg = Release|Any CPU
		{89E5BB4A-606E-4074-8295-62BACD6DB40C}.Release|Any CPU.Build.0 = Release|Any CPU
		{6280F5EB-4B23-4988-B7B1-9F07DA817117}.Debug|Any CPU.ActiveCfg = Debug|Any CPU
		{6280F5EB-4B23-4988-B7B1-9F07DA817117}.Debug|Any CPU.Build.0 = Debug|Any CPU
		{6280F5EB-4B23-4988-B7B1-9F07DA817117}.Release|Any CPU.ActiveCfg = Release|Any CPU
		{6280F5EB-4B23-4988-B7B1-9F07DA817117}.Release|Any CPU.Build.0 = Release|Any CPU
		{42095139-870D-4EC9-B546-1900C0F38265}.Debug|Any CPU.ActiveCfg = Debug|Any CPU
		{42095139-870D-4EC9-B546-1900C0F38265}.Debug|Any CPU.Build.0 = Debug|Any CPU
		{42095139-870D-4EC9-B546-1900C0F38265}.Release|Any CPU.ActiveCfg = Release|Any CPU
		{42095139-870D-4EC9-B546-1900C0F38265}.Release|Any CPU.Build.0 = Release|Any CPU
		{2AB960AB-8E8E-41E9-9329-4F97E5DB1C4F}.Debug|Any CPU.ActiveCfg = Debug|Any CPU
		{2AB960AB-8E8E-41E9-9329-4F97E5DB1C4F}.Debug|Any CPU.Build.0 = Debug|Any CPU
		{2AB960AB-8E8E-41E9-9329-4F97E5DB1C4F}.Release|Any CPU.ActiveCfg = Release|Any CPU
		{2AB960AB-8E8E-41E9-9329-4F97E5DB1C4F}.Release|Any CPU.Build.0 = Release|Any CPU
		{CCC2BFC9-77B1-4415-AE85-293D30F882E8}.Debug|Any CPU.ActiveCfg = Debug|Any CPU
		{CCC2BFC9-77B1-4415-AE85-293D30F882E8}.Debug|Any CPU.Build.0 = Debug|Any CPU
		{CCC2BFC9-77B1-4415-AE85-293D30F882E8}.Release|Any CPU.ActiveCfg = Release|Any CPU
		{CCC2BFC9-77B1-4415-AE85-293D30F882E8}.Release|Any CPU.Build.0 = Release|Any CPU
		{54AC9875-F671-48B8-AF89-7CCE27D5231B}.Debug|Any CPU.ActiveCfg = Debug|Any CPU
		{54AC9875-F671-48B8-AF89-7CCE27D5231B}.Debug|Any CPU.Build.0 = Debug|Any CPU
		{54AC9875-F671-48B8-AF89-7CCE27D5231B}.Release|Any CPU.ActiveCfg = Release|Any CPU
		{54AC9875-F671-48B8-AF89-7CCE27D5231B}.Release|Any CPU.Build.0 = Release|Any CPU
		{1FA93D2C-B312-42A4-A63A-BB980624BC2A}.Debug|Any CPU.ActiveCfg = Debug|Any CPU
		{1FA93D2C-B312-42A4-A63A-BB980624BC2A}.Debug|Any CPU.Build.0 = Debug|Any CPU
		{1FA93D2C-B312-42A4-A63A-BB980624BC2A}.Release|Any CPU.ActiveCfg = Release|Any CPU
		{1FA93D2C-B312-42A4-A63A-BB980624BC2A}.Release|Any CPU.Build.0 = Release|Any CPU
	EndGlobalSection
	GlobalSection(SolutionProperties) = preSolution
		HideSolutionNode = FALSE
	EndGlobalSection
EndGlobal
