
Microsoft Visual Studio Solution File, Format Version 12.00
# Visual Studio 2013
VisualStudioVersion = 12.0.31101.0
MinimumVisualStudioVersion = 10.0.40219.1
Project("{FAE04EC0-301F-11D3-BF4B-00C04F79EFBC}") = "SchoolClasses", "School classes\SchoolClasses.csproj", "{F3884ED7-3F03-4994-85B5-0CC32BA1E2C2}"
EndProject
Project("{FAE04EC0-301F-11D3-BF4B-00C04F79EFBC}") = "Students and workers", "Students and workers\Students and workers.csproj", "{1236BD35-452E-4426-9B96-FE22B1A0DFE1}"
EndProject
Project("{FAE04EC0-301F-11D3-BF4B-00C04F79EFBC}") = "StartUpStudentsAndWorkers", "ConsoleApplication1\StartUpStudentsAndWorkers.csproj", "{C40A96D1-8DB5-43A3-B6D3-B7F3A6A1CA92}"
EndProject
Project("{FAE04EC0-301F-11D3-BF4B-00C04F79EFBC}") = "Animal hierarchy", "ClassLibrary2\Animal hierarchy.csproj", "{57E773DA-4F9E-4B14-8E57-5FFBC416FB08}"
EndProject
Project("{FAE04EC0-301F-11D3-BF4B-00C04F79EFBC}") = "AnimalHierarchyStartUp", "AnimalHierarchyStartUp\AnimalHierarchyStartUp.csproj", "{47470A11-2448-4C05-A54A-33BADA4A8938}"
EndProject
Global
	GlobalSection(SolutionConfigurationPlatforms) = preSolution
		Debug|Any CPU = Debug|Any CPU
		Release|Any CPU = Release|Any CPU
	EndGlobalSection
	GlobalSection(ProjectConfigurationPlatforms) = postSolution
		{F3884ED7-3F03-4994-85B5-0CC32BA1E2C2}.Debug|Any CPU.ActiveCfg = Debug|Any CPU
		{F3884ED7-3F03-4994-85B5-0CC32BA1E2C2}.Debug|Any CPU.Build.0 = Debug|Any CPU
		{F3884ED7-3F03-4994-85B5-0CC32BA1E2C2}.Release|Any CPU.ActiveCfg = Release|Any CPU
		{F3884ED7-3F03-4994-85B5-0CC32BA1E2C2}.Release|Any CPU.Build.0 = Release|Any CPU
		{1236BD35-452E-4426-9B96-FE22B1A0DFE1}.Debug|Any CPU.ActiveCfg = Debug|Any CPU
		{1236BD35-452E-4426-9B96-FE22B1A0DFE1}.Debug|Any CPU.Build.0 = Debug|Any CPU
		{1236BD35-452E-4426-9B96-FE22B1A0DFE1}.Release|Any CPU.ActiveCfg = Release|Any CPU
		{1236BD35-452E-4426-9B96-FE22B1A0DFE1}.Release|Any CPU.Build.0 = Release|Any CPU
		{C40A96D1-8DB5-43A3-B6D3-B7F3A6A1CA92}.Debug|Any CPU.ActiveCfg = Debug|Any CPU
		{C40A96D1-8DB5-43A3-B6D3-B7F3A6A1CA92}.Debug|Any CPU.Build.0 = Debug|Any CPU
		{C40A96D1-8DB5-43A3-B6D3-B7F3A6A1CA92}.Release|Any CPU.ActiveCfg = Release|Any CPU
		{C40A96D1-8DB5-43A3-B6D3-B7F3A6A1CA92}.Release|Any CPU.Build.0 = Release|Any CPU
		{57E773DA-4F9E-4B14-8E57-5FFBC416FB08}.Debug|Any CPU.ActiveCfg = Debug|Any CPU
		{57E773DA-4F9E-4B14-8E57-5FFBC416FB08}.Debug|Any CPU.Build.0 = Debug|Any CPU
		{57E773DA-4F9E-4B14-8E57-5FFBC416FB08}.Release|Any CPU.ActiveCfg = Release|Any CPU
		{57E773DA-4F9E-4B14-8E57-5FFBC416FB08}.Release|Any CPU.Build.0 = Release|Any CPU
		{47470A11-2448-4C05-A54A-33BADA4A8938}.Debug|Any CPU.ActiveCfg = Debug|Any CPU
		{47470A11-2448-4C05-A54A-33BADA4A8938}.Debug|Any CPU.Build.0 = Debug|Any CPU
		{47470A11-2448-4C05-A54A-33BADA4A8938}.Release|Any CPU.ActiveCfg = Release|Any CPU
		{47470A11-2448-4C05-A54A-33BADA4A8938}.Release|Any CPU.Build.0 = Release|Any CPU
	EndGlobalSection
	GlobalSection(SolutionProperties) = preSolution
		HideSolutionNode = FALSE
	EndGlobalSection
EndGlobal
