
Microsoft Visual Studio Solution File, Format Version 12.00
# Visual Studio 2013
VisualStudioVersion = 12.0.31101.0
MinimumVisualStudioVersion = 10.0.40219.1
Project("{FAE04EC0-301F-11D3-BF4B-00C04F79EFBC}") = "Problem 1. Decimal to binary", "Problem 1. Decimal to binary\Problem 1. Decimal to binary.csproj", "{A2A07EC5-28B5-4260-B2A4-E561D26E9C06}"
EndProject
Project("{FAE04EC0-301F-11D3-BF4B-00C04F79EFBC}") = "Problem 2. Binary to decimal", "Problem 2. Binary to decimal\Problem 2. Binary to decimal.csproj", "{348F143C-EBBB-45EE-A6AB-64779083DC1E}"
EndProject
Project("{FAE04EC0-301F-11D3-BF4B-00C04F79EFBC}") = "Problem 3. Decimal to hexadecimal", "Problem 3. Decimal to hexadecimal\Problem 3. Decimal to hexadecimal.csproj", "{BC917AFC-FCBF-4954-9BF0-EF8950F64D11}"
EndProject
Project("{FAE04EC0-301F-11D3-BF4B-00C04F79EFBC}") = "Problem 4. Hexadecimal to decimal", "Problem 4. Hexadecimal to decimal\Problem 4. Hexadecimal to decimal.csproj", "{7F24082D-1318-4EF2-81E5-9ECB7AC479FB}"
EndProject
Project("{FAE04EC0-301F-11D3-BF4B-00C04F79EFBC}") = "Problem 5. Hexadecimal to binary", "Problem 5. Hexadecimal to binary\Problem 5. Hexadecimal to binary.csproj", "{D204D355-4C13-4D84-8D42-DBCB96BC2F3B}"
EndProject
Project("{FAE04EC0-301F-11D3-BF4B-00C04F79EFBC}") = "Problem 6. binary to hexadecimal", "Problem 6. binary to hexadecimal\Problem 6. binary to hexadecimal.csproj", "{C595F002-689E-46F5-BECF-3473F8ACF26C}"
EndProject
Project("{FAE04EC0-301F-11D3-BF4B-00C04F79EFBC}") = "Problem 7. One system to any other", "Problem 7. One system to any other\Problem 7. One system to any other.csproj", "{8BF6A71D-B27A-4876-BC22-98D47A9D2B57}"
EndProject
Project("{FAE04EC0-301F-11D3-BF4B-00C04F79EFBC}") = "Problem 8. Binary short", "Problem 8. Binary short\Problem 8. Binary short.csproj", "{815B43C5-FD34-4D7D-9FC7-D3E104643FDB}"
EndProject
Project("{FAE04EC0-301F-11D3-BF4B-00C04F79EFBC}") = "Problem 9.(starred) Binary floating-point", "ConsoleApplication1\Problem 9.(starred) Binary floating-point.csproj", "{DF6AE27C-79D1-4EA0-83CB-A6EB3D94CA57}"
EndProject
Global
	GlobalSection(SolutionConfigurationPlatforms) = preSolution
		Debug|Any CPU = Debug|Any CPU
		Release|Any CPU = Release|Any CPU
	EndGlobalSection
	GlobalSection(ProjectConfigurationPlatforms) = postSolution
		{A2A07EC5-28B5-4260-B2A4-E561D26E9C06}.Debug|Any CPU.ActiveCfg = Debug|Any CPU
		{A2A07EC5-28B5-4260-B2A4-E561D26E9C06}.Debug|Any CPU.Build.0 = Debug|Any CPU
		{A2A07EC5-28B5-4260-B2A4-E561D26E9C06}.Release|Any CPU.ActiveCfg = Release|Any CPU
		{A2A07EC5-28B5-4260-B2A4-E561D26E9C06}.Release|Any CPU.Build.0 = Release|Any CPU
		{348F143C-EBBB-45EE-A6AB-64779083DC1E}.Debug|Any CPU.ActiveCfg = Debug|Any CPU
		{348F143C-EBBB-45EE-A6AB-64779083DC1E}.Debug|Any CPU.Build.0 = Debug|Any CPU
		{348F143C-EBBB-45EE-A6AB-64779083DC1E}.Release|Any CPU.ActiveCfg = Release|Any CPU
		{348F143C-EBBB-45EE-A6AB-64779083DC1E}.Release|Any CPU.Build.0 = Release|Any CPU
		{BC917AFC-FCBF-4954-9BF0-EF8950F64D11}.Debug|Any CPU.ActiveCfg = Debug|Any CPU
		{BC917AFC-FCBF-4954-9BF0-EF8950F64D11}.Debug|Any CPU.Build.0 = Debug|Any CPU
		{BC917AFC-FCBF-4954-9BF0-EF8950F64D11}.Release|Any CPU.ActiveCfg = Release|Any CPU
		{BC917AFC-FCBF-4954-9BF0-EF8950F64D11}.Release|Any CPU.Build.0 = Release|Any CPU
		{7F24082D-1318-4EF2-81E5-9ECB7AC479FB}.Debug|Any CPU.ActiveCfg = Debug|Any CPU
		{7F24082D-1318-4EF2-81E5-9ECB7AC479FB}.Debug|Any CPU.Build.0 = Debug|Any CPU
		{7F24082D-1318-4EF2-81E5-9ECB7AC479FB}.Release|Any CPU.ActiveCfg = Release|Any CPU
		{7F24082D-1318-4EF2-81E5-9ECB7AC479FB}.Release|Any CPU.Build.0 = Release|Any CPU
		{D204D355-4C13-4D84-8D42-DBCB96BC2F3B}.Debug|Any CPU.ActiveCfg = Debug|Any CPU
		{D204D355-4C13-4D84-8D42-DBCB96BC2F3B}.Debug|Any CPU.Build.0 = Debug|Any CPU
		{D204D355-4C13-4D84-8D42-DBCB96BC2F3B}.Release|Any CPU.ActiveCfg = Release|Any CPU
		{D204D355-4C13-4D84-8D42-DBCB96BC2F3B}.Release|Any CPU.Build.0 = Release|Any CPU
		{C595F002-689E-46F5-BECF-3473F8ACF26C}.Debug|Any CPU.ActiveCfg = Debug|Any CPU
		{C595F002-689E-46F5-BECF-3473F8ACF26C}.Debug|Any CPU.Build.0 = Debug|Any CPU
		{C595F002-689E-46F5-BECF-3473F8ACF26C}.Release|Any CPU.ActiveCfg = Release|Any CPU
		{C595F002-689E-46F5-BECF-3473F8ACF26C}.Release|Any CPU.Build.0 = Release|Any CPU
		{8BF6A71D-B27A-4876-BC22-98D47A9D2B57}.Debug|Any CPU.ActiveCfg = Debug|Any CPU
		{8BF6A71D-B27A-4876-BC22-98D47A9D2B57}.Debug|Any CPU.Build.0 = Debug|Any CPU
		{8BF6A71D-B27A-4876-BC22-98D47A9D2B57}.Release|Any CPU.ActiveCfg = Release|Any CPU
		{8BF6A71D-B27A-4876-BC22-98D47A9D2B57}.Release|Any CPU.Build.0 = Release|Any CPU
		{815B43C5-FD34-4D7D-9FC7-D3E104643FDB}.Debug|Any CPU.ActiveCfg = Debug|Any CPU
		{815B43C5-FD34-4D7D-9FC7-D3E104643FDB}.Debug|Any CPU.Build.0 = Debug|Any CPU
		{815B43C5-FD34-4D7D-9FC7-D3E104643FDB}.Release|Any CPU.ActiveCfg = Release|Any CPU
		{815B43C5-FD34-4D7D-9FC7-D3E104643FDB}.Release|Any CPU.Build.0 = Release|Any CPU
		{DF6AE27C-79D1-4EA0-83CB-A6EB3D94CA57}.Debug|Any CPU.ActiveCfg = Debug|Any CPU
		{DF6AE27C-79D1-4EA0-83CB-A6EB3D94CA57}.Debug|Any CPU.Build.0 = Debug|Any CPU
		{DF6AE27C-79D1-4EA0-83CB-A6EB3D94CA57}.Release|Any CPU.ActiveCfg = Release|Any CPU
		{DF6AE27C-79D1-4EA0-83CB-A6EB3D94CA57}.Release|Any CPU.Build.0 = Release|Any CPU
	EndGlobalSection
	GlobalSection(SolutionProperties) = preSolution
		HideSolutionNode = FALSE
	EndGlobalSection
EndGlobal
