
Microsoft Visual Studio Solution File, Format Version 12.00
# Visual Studio 2013
VisualStudioVersion = 12.0.31101.0
MinimumVisualStudioVersion = 10.0.40219.1
Project("{FAE04EC0-301F-11D3-BF4B-00C04F79EFBC}") = "Problem 1. HTML Tables", "Problem 1. HTML Tables\Problem 1. HTML Tables.csproj", "{94C8B152-C72A-40BD-864F-172ADFC0B911}"
EndProject
Project("{FAE04EC0-301F-11D3-BF4B-00C04F79EFBC}") = "Problem 2. HTML Form", "Problem 2. HTML Form\Problem 2. HTML Form.csproj", "{F97E8DC8-FE66-401A-B942-C1C7EC4F9971}"
EndProject
Project("{FAE04EC0-301F-11D3-BF4B-00C04F79EFBC}") = "Problem 3. Calculator", "Problem 3. Calculator\Problem 3. Calculator.csproj", "{828C2893-79A3-448A-9D1F-6BA593C49161}"
EndProject
Global
	GlobalSection(SolutionConfigurationPlatforms) = preSolution
		Debug|Any CPU = Debug|Any CPU
		Release|Any CPU = Release|Any CPU
	EndGlobalSection
	GlobalSection(ProjectConfigurationPlatforms) = postSolution
		{94C8B152-C72A-40BD-864F-172ADFC0B911}.Debug|Any CPU.ActiveCfg = Debug|Any CPU
		{94C8B152-C72A-40BD-864F-172ADFC0B911}.Debug|Any CPU.Build.0 = Debug|Any CPU
		{94C8B152-C72A-40BD-864F-172ADFC0B911}.Release|Any CPU.ActiveCfg = Release|Any CPU
		{94C8B152-C72A-40BD-864F-172ADFC0B911}.Release|Any CPU.Build.0 = Release|Any CPU
		{F97E8DC8-FE66-401A-B942-C1C7EC4F9971}.Debug|Any CPU.ActiveCfg = Debug|Any CPU
		{F97E8DC8-FE66-401A-B942-C1C7EC4F9971}.Debug|Any CPU.Build.0 = Debug|Any CPU
		{F97E8DC8-FE66-401A-B942-C1C7EC4F9971}.Release|Any CPU.ActiveCfg = Release|Any CPU
		{F97E8DC8-FE66-401A-B942-C1C7EC4F9971}.Release|Any CPU.Build.0 = Release|Any CPU
		{828C2893-79A3-448A-9D1F-6BA593C49161}.Debug|Any CPU.ActiveCfg = Debug|Any CPU
		{828C2893-79A3-448A-9D1F-6BA593C49161}.Debug|Any CPU.Build.0 = Debug|Any CPU
		{828C2893-79A3-448A-9D1F-6BA593C49161}.Release|Any CPU.ActiveCfg = Release|Any CPU
		{828C2893-79A3-448A-9D1F-6BA593C49161}.Release|Any CPU.Build.0 = Release|Any CPU
	EndGlobalSection
	GlobalSection(SolutionProperties) = preSolution
		HideSolutionNode = FALSE
	EndGlobalSection
EndGlobal
