
Microsoft Visual Studio Solution File, Format Version 12.00
# Visual Studio 2013
VisualStudioVersion = 12.0.31101.0
MinimumVisualStudioVersion = 10.0.40219.1
Project("{FAE04EC0-301F-11D3-BF4B-00C04F79EFBC}") = "Shapes", "Shapes\Shapes.csproj", "{0D66F49E-C87E-40F1-B219-AED6BED127F1}"
EndProject
Project("{FAE04EC0-301F-11D3-BF4B-00C04F79EFBC}") = "ShapesStartUp", "ShapesStartUp\ShapesStartUp.csproj", "{EC7DCE6F-738A-46CF-A616-DABA74F4AFB2}"
EndProject
Project("{FAE04EC0-301F-11D3-BF4B-00C04F79EFBC}") = "Bank accounts", "Bank accounts\Bank accounts.csproj", "{15792B36-FD2B-458A-9FFB-3231E8A34102}"
EndProject
Project("{FAE04EC0-301F-11D3-BF4B-00C04F79EFBC}") = "BankAccountsStartUp", "BankAccountsStartUp\BankAccountsStartUp.csproj", "{499A1A48-A910-4003-9656-03B816721322}"
EndProject
Project("{FAE04EC0-301F-11D3-BF4B-00C04F79EFBC}") = "Range Exceptions", "Range Exceptions\Range Exceptions.csproj", "{63942452-3A5D-4037-A5F3-4524B24C17D5}"
EndProject
Project("{FAE04EC0-301F-11D3-BF4B-00C04F79EFBC}") = "RangeExceptionStartup", "RangeExceptionStartup\RangeExceptionStartup.csproj", "{8E8B4FC6-C485-4CA8-B69E-52E0F554E5DD}"
EndProject
Global
	GlobalSection(SolutionConfigurationPlatforms) = preSolution
		Debug|Any CPU = Debug|Any CPU
		Release|Any CPU = Release|Any CPU
	EndGlobalSection
	GlobalSection(ProjectConfigurationPlatforms) = postSolution
		{0D66F49E-C87E-40F1-B219-AED6BED127F1}.Debug|Any CPU.ActiveCfg = Debug|Any CPU
		{0D66F49E-C87E-40F1-B219-AED6BED127F1}.Debug|Any CPU.Build.0 = Debug|Any CPU
		{0D66F49E-C87E-40F1-B219-AED6BED127F1}.Release|Any CPU.ActiveCfg = Release|Any CPU
		{0D66F49E-C87E-40F1-B219-AED6BED127F1}.Release|Any CPU.Build.0 = Release|Any CPU
		{EC7DCE6F-738A-46CF-A616-DABA74F4AFB2}.Debug|Any CPU.ActiveCfg = Debug|Any CPU
		{EC7DCE6F-738A-46CF-A616-DABA74F4AFB2}.Debug|Any CPU.Build.0 = Debug|Any CPU
		{EC7DCE6F-738A-46CF-A616-DABA74F4AFB2}.Release|Any CPU.ActiveCfg = Release|Any CPU
		{EC7DCE6F-738A-46CF-A616-DABA74F4AFB2}.Release|Any CPU.Build.0 = Release|Any CPU
		{15792B36-FD2B-458A-9FFB-3231E8A34102}.Debug|Any CPU.ActiveCfg = Debug|Any CPU
		{15792B36-FD2B-458A-9FFB-3231E8A34102}.Debug|Any CPU.Build.0 = Debug|Any CPU
		{15792B36-FD2B-458A-9FFB-3231E8A34102}.Release|Any CPU.ActiveCfg = Release|Any CPU
		{15792B36-FD2B-458A-9FFB-3231E8A34102}.Release|Any CPU.Build.0 = Release|Any CPU
		{499A1A48-A910-4003-9656-03B816721322}.Debug|Any CPU.ActiveCfg = Debug|Any CPU
		{499A1A48-A910-4003-9656-03B816721322}.Debug|Any CPU.Build.0 = Debug|Any CPU
		{499A1A48-A910-4003-9656-03B816721322}.Release|Any CPU.ActiveCfg = Release|Any CPU
		{499A1A48-A910-4003-9656-03B816721322}.Release|Any CPU.Build.0 = Release|Any CPU
		{63942452-3A5D-4037-A5F3-4524B24C17D5}.Debug|Any CPU.ActiveCfg = Debug|Any CPU
		{63942452-3A5D-4037-A5F3-4524B24C17D5}.Debug|Any CPU.Build.0 = Debug|Any CPU
		{63942452-3A5D-4037-A5F3-4524B24C17D5}.Release|Any CPU.ActiveCfg = Release|Any CPU
		{63942452-3A5D-4037-A5F3-4524B24C17D5}.Release|Any CPU.Build.0 = Release|Any CPU
		{8E8B4FC6-C485-4CA8-B69E-52E0F554E5DD}.Debug|Any CPU.ActiveCfg = Debug|Any CPU
		{8E8B4FC6-C485-4CA8-B69E-52E0F554E5DD}.Debug|Any CPU.Build.0 = Debug|Any CPU
		{8E8B4FC6-C485-4CA8-B69E-52E0F554E5DD}.Release|Any CPU.ActiveCfg = Release|Any CPU
		{8E8B4FC6-C485-4CA8-B69E-52E0F554E5DD}.Release|Any CPU.Build.0 = Release|Any CPU
	EndGlobalSection
	GlobalSection(SolutionProperties) = preSolution
		HideSolutionNode = FALSE
	EndGlobalSection
EndGlobal
