
Microsoft Visual Studio Solution File, Format Version 12.00
# Visual Studio 2013
VisualStudioVersion = 12.0.31101.0
MinimumVisualStudioVersion = 10.0.40219.1
Project("{FAE04EC0-301F-11D3-BF4B-00C04F79EFBC}") = "Problem 1. Odd lines", "Problem 1. Odd lines\Problem 1. Odd lines.csproj", "{CCE9D017-CA07-413F-9DFA-BA6EA7475B07}"
EndProject
Project("{FAE04EC0-301F-11D3-BF4B-00C04F79EFBC}") = "Problem 2. Concatenate text files", "Problem 2. Concatenate text files\Problem 2. Concatenate text files.csproj", "{6E800634-FBA3-4F5D-A947-A5F1607879BA}"
EndProject
Project("{FAE04EC0-301F-11D3-BF4B-00C04F79EFBC}") = "Problem 3. Line numbers", "Problem 3. Line numbers\Problem 3. Line numbers.csproj", "{CF55EA34-6579-4548-BAF2-CB0C28731F2B}"
EndProject
Project("{FAE04EC0-301F-11D3-BF4B-00C04F79EFBC}") = "Problem 4. Compare text files", "Problem 4. Compare text files\Problem 4. Compare text files.csproj", "{CF0FB895-9918-40F2-B728-1F7250FE5E9D}"
EndProject
Project("{FAE04EC0-301F-11D3-BF4B-00C04F79EFBC}") = "Problem 5. Maximal area sum", "Problem 5. Maximal area sum\Problem 5. Maximal area sum.csproj", "{816A14C9-D541-47FA-8137-54A7D589E13F}"
EndProject
Project("{FAE04EC0-301F-11D3-BF4B-00C04F79EFBC}") = "Problem 6. Save sorted names", "Problem 6. Save sorted names\Problem 6. Save sorted names.csproj", "{7090F5C0-4558-41FB-98AB-21B86E48B876}"
EndProject
Project("{FAE04EC0-301F-11D3-BF4B-00C04F79EFBC}") = "Problem 7. Replace sub-string", "Problem 7. Replace sub-string\Problem 7. Replace sub-string.csproj", "{82A27C7D-1AB0-425A-93CE-EC82D8D22A5F}"
EndProject
Project("{FAE04EC0-301F-11D3-BF4B-00C04F79EFBC}") = "Problem 8. Replace whole word", "Problem 8. Replace whole word\Problem 8. Replace whole word.csproj", "{505A2D65-D90C-4A76-93E4-B4064647BE62}"
EndProject
Project("{FAE04EC0-301F-11D3-BF4B-00C04F79EFBC}") = "Problem 9. Delete odd lines", "Problem 9. Delete odd lines\Problem 9. Delete odd lines.csproj", "{44A54E85-E7BF-43A7-80F8-7AFE9D051F52}"
EndProject
Project("{FAE04EC0-301F-11D3-BF4B-00C04F79EFBC}") = "Problem 10. Extract text from XML", "Problem 10. Extract text from XML\Problem 10. Extract text from XML.csproj", "{6FB2B22D-0079-440B-9FD4-209D71DC0DB3}"
EndProject
Project("{FAE04EC0-301F-11D3-BF4B-00C04F79EFBC}") = "Problem 11. Prefix test", "Problem 11. Prefix test\Problem 11. Prefix test.csproj", "{7FB28DD4-2350-49D8-BC32-42C61CACAEE5}"
EndProject
Project("{FAE04EC0-301F-11D3-BF4B-00C04F79EFBC}") = "Problem 12. Remove words", "Problem 12. Remove words\Problem 12. Remove words.csproj", "{AA33CEA0-C976-425A-B639-2FB4BEF1ED07}"
EndProject
Project("{FAE04EC0-301F-11D3-BF4B-00C04F79EFBC}") = "Problem 13. Count words", "Problem 13. Count words\Problem 13. Count words.csproj", "{43CB0219-19A6-4378-AFDF-1E4C958D5694}"
EndProject
Global
	GlobalSection(SolutionConfigurationPlatforms) = preSolution
		Debug|Any CPU = Debug|Any CPU
		Release|Any CPU = Release|Any CPU
	EndGlobalSection
	GlobalSection(ProjectConfigurationPlatforms) = postSolution
		{CCE9D017-CA07-413F-9DFA-BA6EA7475B07}.Debug|Any CPU.ActiveCfg = Debug|Any CPU
		{CCE9D017-CA07-413F-9DFA-BA6EA7475B07}.Debug|Any CPU.Build.0 = Debug|Any CPU
		{CCE9D017-CA07-413F-9DFA-BA6EA7475B07}.Release|Any CPU.ActiveCfg = Release|Any CPU
		{CCE9D017-CA07-413F-9DFA-BA6EA7475B07}.Release|Any CPU.Build.0 = Release|Any CPU
		{6E800634-FBA3-4F5D-A947-A5F1607879BA}.Debug|Any CPU.ActiveCfg = Debug|Any CPU
		{6E800634-FBA3-4F5D-A947-A5F1607879BA}.Debug|Any CPU.Build.0 = Debug|Any CPU
		{6E800634-FBA3-4F5D-A947-A5F1607879BA}.Release|Any CPU.ActiveCfg = Release|Any CPU
		{6E800634-FBA3-4F5D-A947-A5F1607879BA}.Release|Any CPU.Build.0 = Release|Any CPU
		{CF55EA34-6579-4548-BAF2-CB0C28731F2B}.Debug|Any CPU.ActiveCfg = Debug|Any CPU
		{CF55EA34-6579-4548-BAF2-CB0C28731F2B}.Debug|Any CPU.Build.0 = Debug|Any CPU
		{CF55EA34-6579-4548-BAF2-CB0C28731F2B}.Release|Any CPU.ActiveCfg = Release|Any CPU
		{CF55EA34-6579-4548-BAF2-CB0C28731F2B}.Release|Any CPU.Build.0 = Release|Any CPU
		{CF0FB895-9918-40F2-B728-1F7250FE5E9D}.Debug|Any CPU.ActiveCfg = Debug|Any CPU
		{CF0FB895-9918-40F2-B728-1F7250FE5E9D}.Debug|Any CPU.Build.0 = Debug|Any CPU
		{CF0FB895-9918-40F2-B728-1F7250FE5E9D}.Release|Any CPU.ActiveCfg = Release|Any CPU
		{CF0FB895-9918-40F2-B728-1F7250FE5E9D}.Release|Any CPU.Build.0 = Release|Any CPU
		{816A14C9-D541-47FA-8137-54A7D589E13F}.Debug|Any CPU.ActiveCfg = Debug|Any CPU
		{816A14C9-D541-47FA-8137-54A7D589E13F}.Debug|Any CPU.Build.0 = Debug|Any CPU
		{816A14C9-D541-47FA-8137-54A7D589E13F}.Release|Any CPU.ActiveCfg = Release|Any CPU
		{816A14C9-D541-47FA-8137-54A7D589E13F}.Release|Any CPU.Build.0 = Release|Any CPU
		{7090F5C0-4558-41FB-98AB-21B86E48B876}.Debug|Any CPU.ActiveCfg = Debug|Any CPU
		{7090F5C0-4558-41FB-98AB-21B86E48B876}.Debug|Any CPU.Build.0 = Debug|Any CPU
		{7090F5C0-4558-41FB-98AB-21B86E48B876}.Release|Any CPU.ActiveCfg = Release|Any CPU
		{7090F5C0-4558-41FB-98AB-21B86E48B876}.Release|Any CPU.Build.0 = Release|Any CPU
		{82A27C7D-1AB0-425A-93CE-EC82D8D22A5F}.Debug|Any CPU.ActiveCfg = Debug|Any CPU
		{82A27C7D-1AB0-425A-93CE-EC82D8D22A5F}.Debug|Any CPU.Build.0 = Debug|Any CPU
		{82A27C7D-1AB0-425A-93CE-EC82D8D22A5F}.Release|Any CPU.ActiveCfg = Release|Any CPU
		{82A27C7D-1AB0-425A-93CE-EC82D8D22A5F}.Release|Any CPU.Build.0 = Release|Any CPU
		{505A2D65-D90C-4A76-93E4-B4064647BE62}.Debug|Any CPU.ActiveCfg = Debug|Any CPU
		{505A2D65-D90C-4A76-93E4-B4064647BE62}.Debug|Any CPU.Build.0 = Debug|Any CPU
		{505A2D65-D90C-4A76-93E4-B4064647BE62}.Release|Any CPU.ActiveCfg = Release|Any CPU
		{505A2D65-D90C-4A76-93E4-B4064647BE62}.Release|Any CPU.Build.0 = Release|Any CPU
		{44A54E85-E7BF-43A7-80F8-7AFE9D051F52}.Debug|Any CPU.ActiveCfg = Debug|Any CPU
		{44A54E85-E7BF-43A7-80F8-7AFE9D051F52}.Debug|Any CPU.Build.0 = Debug|Any CPU
		{44A54E85-E7BF-43A7-80F8-7AFE9D051F52}.Release|Any CPU.ActiveCfg = Release|Any CPU
		{44A54E85-E7BF-43A7-80F8-7AFE9D051F52}.Release|Any CPU.Build.0 = Release|Any CPU
		{6FB2B22D-0079-440B-9FD4-209D71DC0DB3}.Debug|Any CPU.ActiveCfg = Debug|Any CPU
		{6FB2B22D-0079-440B-9FD4-209D71DC0DB3}.Debug|Any CPU.Build.0 = Debug|Any CPU
		{6FB2B22D-0079-440B-9FD4-209D71DC0DB3}.Release|Any CPU.ActiveCfg = Release|Any CPU
		{6FB2B22D-0079-440B-9FD4-209D71DC0DB3}.Release|Any CPU.Build.0 = Release|Any CPU
		{7FB28DD4-2350-49D8-BC32-42C61CACAEE5}.Debug|Any CPU.ActiveCfg = Debug|Any CPU
		{7FB28DD4-2350-49D8-BC32-42C61CACAEE5}.Debug|Any CPU.Build.0 = Debug|Any CPU
		{7FB28DD4-2350-49D8-BC32-42C61CACAEE5}.Release|Any CPU.ActiveCfg = Release|Any CPU
		{7FB28DD4-2350-49D8-BC32-42C61CACAEE5}.Release|Any CPU.Build.0 = Release|Any CPU
		{AA33CEA0-C976-425A-B639-2FB4BEF1ED07}.Debug|Any CPU.ActiveCfg = Debug|Any CPU
		{AA33CEA0-C976-425A-B639-2FB4BEF1ED07}.Debug|Any CPU.Build.0 = Debug|Any CPU
		{AA33CEA0-C976-425A-B639-2FB4BEF1ED07}.Release|Any CPU.ActiveCfg = Release|Any CPU
		{AA33CEA0-C976-425A-B639-2FB4BEF1ED07}.Release|Any CPU.Build.0 = Release|Any CPU
		{43CB0219-19A6-4378-AFDF-1E4C958D5694}.Debug|Any CPU.ActiveCfg = Debug|Any CPU
		{43CB0219-19A6-4378-AFDF-1E4C958D5694}.Debug|Any CPU.Build.0 = Debug|Any CPU
		{43CB0219-19A6-4378-AFDF-1E4C958D5694}.Release|Any CPU.ActiveCfg = Release|Any CPU
		{43CB0219-19A6-4378-AFDF-1E4C958D5694}.Release|Any CPU.Build.0 = Release|Any CPU
	EndGlobalSection
	GlobalSection(SolutionProperties) = preSolution
		HideSolutionNode = FALSE
	EndGlobalSection
EndGlobal
