
Microsoft Visual Studio Solution File, Format Version 12.00
# Visual Studio 2013
VisualStudioVersion = 12.0.31101.0
MinimumVisualStudioVersion = 10.0.40219.1
Project("{F184B08F-C81C-45F6-A57F-5ABD9991F28F}") = "Problem 1. Planar coordinates", "Problem 1. Planar coordinates\Problem 1. Planar coordinates.vbproj", "{3ACCDBE3-2AA9-4B73-8634-F5BC2AE3F6A0}"
EndProject
Project("{F184B08F-C81C-45F6-A57F-5ABD9991F28F}") = "Problem 2. Remove elements", "Problem 2. Remove elements\Problem 2. Remove elements.vbproj", "{8478CACE-7A61-420D-BE25-F47425914BA9}"
EndProject
Project("{F184B08F-C81C-45F6-A57F-5ABD9991F28F}") = "Problem 5. Youngest person", "Problem 5. Youngest person\Problem 5. Youngest person.vbproj", "{D2EB2E4F-0EC1-49FC-A7FB-D09AF42FDEF2}"
EndProject
Global
	GlobalSection(SolutionConfigurationPlatforms) = preSolution
		Debug|Any CPU = Debug|Any CPU
		Release|Any CPU = Release|Any CPU
	EndGlobalSection
	GlobalSection(ProjectConfigurationPlatforms) = postSolution
		{3ACCDBE3-2AA9-4B73-8634-F5BC2AE3F6A0}.Debug|Any CPU.ActiveCfg = Debug|Any CPU
		{3ACCDBE3-2AA9-4B73-8634-F5BC2AE3F6A0}.Debug|Any CPU.Build.0 = Debug|Any CPU
		{3ACCDBE3-2AA9-4B73-8634-F5BC2AE3F6A0}.Release|Any CPU.ActiveCfg = Release|Any CPU
		{3ACCDBE3-2AA9-4B73-8634-F5BC2AE3F6A0}.Release|Any CPU.Build.0 = Release|Any CPU
		{8478CACE-7A61-420D-BE25-F47425914BA9}.Debug|Any CPU.ActiveCfg = Debug|Any CPU
		{8478CACE-7A61-420D-BE25-F47425914BA9}.Debug|Any CPU.Build.0 = Debug|Any CPU
		{8478CACE-7A61-420D-BE25-F47425914BA9}.Release|Any CPU.ActiveCfg = Release|Any CPU
		{8478CACE-7A61-420D-BE25-F47425914BA9}.Release|Any CPU.Build.0 = Release|Any CPU
		{D2EB2E4F-0EC1-49FC-A7FB-D09AF42FDEF2}.Debug|Any CPU.ActiveCfg = Debug|Any CPU
		{D2EB2E4F-0EC1-49FC-A7FB-D09AF42FDEF2}.Debug|Any CPU.Build.0 = Debug|Any CPU
		{D2EB2E4F-0EC1-49FC-A7FB-D09AF42FDEF2}.Release|Any CPU.ActiveCfg = Release|Any CPU
		{D2EB2E4F-0EC1-49FC-A7FB-D09AF42FDEF2}.Release|Any CPU.Build.0 = Release|Any CPU
	EndGlobalSection
	GlobalSection(SolutionProperties) = preSolution
		HideSolutionNode = FALSE
	EndGlobalSection
EndGlobal
