
Microsoft Visual Studio Solution File, Format Version 12.00
# Visual Studio 2013
VisualStudioVersion = 12.0.31101.0
MinimumVisualStudioVersion = 10.0.40219.1
Project("{FAE04EC0-301F-11D3-BF4B-00C04F79EFBC}") = "Problem 1. Say Hello", "Problem 1. Say Hello\Problem 1. Say Hello.csproj", "{4149B800-1E8D-48C7-AF3C-1EDADFDE3DC6}"
EndProject
Project("{FAE04EC0-301F-11D3-BF4B-00C04F79EFBC}") = "Problem 2. Get largest number", "Problem 2. Get largest number\Problem 2. Get largest number.csproj", "{7241B58C-03AD-4A76-AA03-3A040622B2FC}"
EndProject
Project("{FAE04EC0-301F-11D3-BF4B-00C04F79EFBC}") = "Problem 3. English digit", "Problem 3. English digit\Problem 3. English digit.csproj", "{F1A8FEC3-ADAB-43A3-BCF6-678CD91FDDF5}"
EndProject
Project("{FAE04EC0-301F-11D3-BF4B-00C04F79EFBC}") = "Problem 4. Appearance count", "Problem 4. Appearance count\Problem 4. Appearance count.csproj", "{4C71D6C0-5955-4CE6-8C3D-DBC2644006A6}"
EndProject
Project("{FAE04EC0-301F-11D3-BF4B-00C04F79EFBC}") = "Problem 5. Larger than neighbours", "Problem 5. Larger than neighbours\Problem 5. Larger than neighbours.csproj", "{C9B1407C-3D8F-4CF4-96AE-7B309E65BF09}"
EndProject
Project("{FAE04EC0-301F-11D3-BF4B-00C04F79EFBC}") = "Problem 6. First larger than neighbours", "Problem 6. First larger than neighbours\Problem 6. First larger than neighbours.csproj", "{04BA09E2-E632-4CEB-8E99-D9DC18526D85}"
EndProject
Project("{FAE04EC0-301F-11D3-BF4B-00C04F79EFBC}") = "Problem 7. Reverse number", "Problem 7. Reverse number\Problem 7. Reverse number.csproj", "{9D2B9FED-B224-45E0-B837-F4B90D6D1E61}"
EndProject
Project("{FAE04EC0-301F-11D3-BF4B-00C04F79EFBC}") = "Problem 8. Number as array", "Problem 8. Number as array\Problem 8. Number as array.csproj", "{86745269-A47A-479C-8EA1-48F08742C3CE}"
EndProject
Project("{FAE04EC0-301F-11D3-BF4B-00C04F79EFBC}") = "Problem 9. Sorting array", "Problem 9. Sorting array\Problem 9. Sorting array.csproj", "{9B6CE941-786E-4FD0-A0D7-5EAFBF29D82C}"
EndProject
Project("{FAE04EC0-301F-11D3-BF4B-00C04F79EFBC}") = "Problem 10. N Factorial", "Problem 10. N Factorial\Problem 10. N Factorial.csproj", "{A9E31B38-329E-476F-B7A4-9AD85151A312}"
EndProject
Project("{FAE04EC0-301F-11D3-BF4B-00C04F79EFBC}") = "Problem 11. Adding polynomials", "Problem 11. Adding polynomials\Problem 11. Adding polynomials.csproj", "{1B7AAAB5-E749-4CB2-83A4-9AC404995613}"
EndProject
Project("{FAE04EC0-301F-11D3-BF4B-00C04F79EFBC}") = "Problem 12. Subtracting polynomials", "Problem 12. Subtracting polynomials\Problem 12. Subtracting polynomials.csproj", "{C8065F1E-B7AA-4E90-91FD-685B80BB7AD0}"
EndProject
Project("{FAE04EC0-301F-11D3-BF4B-00C04F79EFBC}") = "Problem 13. Solve tasks", "Problem 13. Solve tasks\Problem 13. Solve tasks.csproj", "{D5C9A9B8-1E5F-44DE-AAB9-E7F107309AA8}"
EndProject
Project("{FAE04EC0-301F-11D3-BF4B-00C04F79EFBC}") = "Problem 14. Integer calculations", "Problem 14. Integer calculations\Problem 14. Integer calculations.csproj", "{794D6030-47D8-4E06-8063-8A978C307660}"
EndProject
Global
	GlobalSection(SolutionConfigurationPlatforms) = preSolution
		Debug|Any CPU = Debug|Any CPU
		Release|Any CPU = Release|Any CPU
	EndGlobalSection
	GlobalSection(ProjectConfigurationPlatforms) = postSolution
		{4149B800-1E8D-48C7-AF3C-1EDADFDE3DC6}.Debug|Any CPU.ActiveCfg = Debug|Any CPU
		{4149B800-1E8D-48C7-AF3C-1EDADFDE3DC6}.Debug|Any CPU.Build.0 = Debug|Any CPU
		{4149B800-1E8D-48C7-AF3C-1EDADFDE3DC6}.Release|Any CPU.ActiveCfg = Release|Any CPU
		{4149B800-1E8D-48C7-AF3C-1EDADFDE3DC6}.Release|Any CPU.Build.0 = Release|Any CPU
		{7241B58C-03AD-4A76-AA03-3A040622B2FC}.Debug|Any CPU.ActiveCfg = Debug|Any CPU
		{7241B58C-03AD-4A76-AA03-3A040622B2FC}.Debug|Any CPU.Build.0 = Debug|Any CPU
		{7241B58C-03AD-4A76-AA03-3A040622B2FC}.Release|Any CPU.ActiveCfg = Release|Any CPU
		{7241B58C-03AD-4A76-AA03-3A040622B2FC}.Release|Any CPU.Build.0 = Release|Any CPU
		{F1A8FEC3-ADAB-43A3-BCF6-678CD91FDDF5}.Debug|Any CPU.ActiveCfg = Debug|Any CPU
		{F1A8FEC3-ADAB-43A3-BCF6-678CD91FDDF5}.Debug|Any CPU.Build.0 = Debug|Any CPU
		{F1A8FEC3-ADAB-43A3-BCF6-678CD91FDDF5}.Release|Any CPU.ActiveCfg = Release|Any CPU
		{F1A8FEC3-ADAB-43A3-BCF6-678CD91FDDF5}.Release|Any CPU.Build.0 = Release|Any CPU
		{4C71D6C0-5955-4CE6-8C3D-DBC2644006A6}.Debug|Any CPU.ActiveCfg = Debug|Any CPU
		{4C71D6C0-5955-4CE6-8C3D-DBC2644006A6}.Debug|Any CPU.Build.0 = Debug|Any CPU
		{4C71D6C0-5955-4CE6-8C3D-DBC2644006A6}.Release|Any CPU.ActiveCfg = Release|Any CPU
		{4C71D6C0-5955-4CE6-8C3D-DBC2644006A6}.Release|Any CPU.Build.0 = Release|Any CPU
		{C9B1407C-3D8F-4CF4-96AE-7B309E65BF09}.Debug|Any CPU.ActiveCfg = Debug|Any CPU
		{C9B1407C-3D8F-4CF4-96AE-7B309E65BF09}.Debug|Any CPU.Build.0 = Debug|Any CPU
		{C9B1407C-3D8F-4CF4-96AE-7B309E65BF09}.Release|Any CPU.ActiveCfg = Release|Any CPU
		{C9B1407C-3D8F-4CF4-96AE-7B309E65BF09}.Release|Any CPU.Build.0 = Release|Any CPU
		{04BA09E2-E632-4CEB-8E99-D9DC18526D85}.Debug|Any CPU.ActiveCfg = Debug|Any CPU
		{04BA09E2-E632-4CEB-8E99-D9DC18526D85}.Debug|Any CPU.Build.0 = Debug|Any CPU
		{04BA09E2-E632-4CEB-8E99-D9DC18526D85}.Release|Any CPU.ActiveCfg = Release|Any CPU
		{04BA09E2-E632-4CEB-8E99-D9DC18526D85}.Release|Any CPU.Build.0 = Release|Any CPU
		{9D2B9FED-B224-45E0-B837-F4B90D6D1E61}.Debug|Any CPU.ActiveCfg = Debug|Any CPU
		{9D2B9FED-B224-45E0-B837-F4B90D6D1E61}.Debug|Any CPU.Build.0 = Debug|Any CPU
		{9D2B9FED-B224-45E0-B837-F4B90D6D1E61}.Release|Any CPU.ActiveCfg = Release|Any CPU
		{9D2B9FED-B224-45E0-B837-F4B90D6D1E61}.Release|Any CPU.Build.0 = Release|Any CPU
		{86745269-A47A-479C-8EA1-48F08742C3CE}.Debug|Any CPU.ActiveCfg = Debug|Any CPU
		{86745269-A47A-479C-8EA1-48F08742C3CE}.Debug|Any CPU.Build.0 = Debug|Any CPU
		{86745269-A47A-479C-8EA1-48F08742C3CE}.Release|Any CPU.ActiveCfg = Release|Any CPU
		{86745269-A47A-479C-8EA1-48F08742C3CE}.Release|Any CPU.Build.0 = Release|Any CPU
		{9B6CE941-786E-4FD0-A0D7-5EAFBF29D82C}.Debug|Any CPU.ActiveCfg = Debug|Any CPU
		{9B6CE941-786E-4FD0-A0D7-5EAFBF29D82C}.Debug|Any CPU.Build.0 = Debug|Any CPU
		{9B6CE941-786E-4FD0-A0D7-5EAFBF29D82C}.Release|Any CPU.ActiveCfg = Release|Any CPU
		{9B6CE941-786E-4FD0-A0D7-5EAFBF29D82C}.Release|Any CPU.Build.0 = Release|Any CPU
		{A9E31B38-329E-476F-B7A4-9AD85151A312}.Debug|Any CPU.ActiveCfg = Debug|Any CPU
		{A9E31B38-329E-476F-B7A4-9AD85151A312}.Debug|Any CPU.Build.0 = Debug|Any CPU
		{A9E31B38-329E-476F-B7A4-9AD85151A312}.Release|Any CPU.ActiveCfg = Release|Any CPU
		{A9E31B38-329E-476F-B7A4-9AD85151A312}.Release|Any CPU.Build.0 = Release|Any CPU
		{1B7AAAB5-E749-4CB2-83A4-9AC404995613}.Debug|Any CPU.ActiveCfg = Debug|Any CPU
		{1B7AAAB5-E749-4CB2-83A4-9AC404995613}.Debug|Any CPU.Build.0 = Debug|Any CPU
		{1B7AAAB5-E749-4CB2-83A4-9AC404995613}.Release|Any CPU.ActiveCfg = Release|Any CPU
		{1B7AAAB5-E749-4CB2-83A4-9AC404995613}.Release|Any CPU.Build.0 = Release|Any CPU
		{C8065F1E-B7AA-4E90-91FD-685B80BB7AD0}.Debug|Any CPU.ActiveCfg = Debug|Any CPU
		{C8065F1E-B7AA-4E90-91FD-685B80BB7AD0}.Debug|Any CPU.Build.0 = Debug|Any CPU
		{C8065F1E-B7AA-4E90-91FD-685B80BB7AD0}.Release|Any CPU.ActiveCfg = Release|Any CPU
		{C8065F1E-B7AA-4E90-91FD-685B80BB7AD0}.Release|Any CPU.Build.0 = Release|Any CPU
		{D5C9A9B8-1E5F-44DE-AAB9-E7F107309AA8}.Debug|Any CPU.ActiveCfg = Debug|Any CPU
		{D5C9A9B8-1E5F-44DE-AAB9-E7F107309AA8}.Debug|Any CPU.Build.0 = Debug|Any CPU
		{D5C9A9B8-1E5F-44DE-AAB9-E7F107309AA8}.Release|Any CPU.ActiveCfg = Release|Any CPU
		{D5C9A9B8-1E5F-44DE-AAB9-E7F107309AA8}.Release|Any CPU.Build.0 = Release|Any CPU
		{794D6030-47D8-4E06-8063-8A978C307660}.Debug|Any CPU.ActiveCfg = Debug|Any CPU
		{794D6030-47D8-4E06-8063-8A978C307660}.Debug|Any CPU.Build.0 = Debug|Any CPU
		{794D6030-47D8-4E06-8063-8A978C307660}.Release|Any CPU.ActiveCfg = Release|Any CPU
		{794D6030-47D8-4E06-8063-8A978C307660}.Release|Any CPU.Build.0 = Release|Any CPU
	EndGlobalSection
	GlobalSection(SolutionProperties) = preSolution
		HideSolutionNode = FALSE
	EndGlobalSection
EndGlobal
